{
  "nodes": {
    "home-manager": {
      "inputs": {
        "nixpkgs": [
          "nixpkgs"
        ]
      },
      "locked": {
        "lastModified": 1686342731,
        "narHash": "sha256-GwCwviXcc5nrewuFwtsrxys8srrZcI+m8hdIGOt+fHY=",
        "owner": "nix-community",
        "repo": "home-manager",
        "rev": "0945875a2a20de314093b0f9d4d5448e9b4fdccb",
        "type": "github"
      },
      "original": {
        "owner": "nix-community",
        "repo": "home-manager",
        "type": "github"
      }
    },
    "nixos-hardware": {
      "locked": {
        "lastModified": 1686217350,
        "narHash": "sha256-Nb9b3m/GEK8jyFsYfUkXGsqj6rH05GgJ2QWcNNbK7dw=",
        "owner": "nixos",
        "repo": "nixos-hardware",
        "rev": "e4b34b90f27696ec3965fa15dcbacc351293dc67",
        "type": "github"
      },
      "original": {
        "owner": "nixos",
        "repo": "nixos-hardware",
        "type": "github"
      }
    },
    "nixpkgs": {
      "locked": {
        "lastModified": 1686237827,
        "narHash": "sha256-fAZB+Zkcmc+qlauiFnIH9+2qgwM0NO/ru5pWEw3tDow=",
        "owner": "NixOS",
        "repo": "nixpkgs",
        "rev": "81ed90058a851eb73be835c770e062c6938c8a9e",
        "type": "github"
      },
      "original": {
        "id": "nixpkgs",
        "ref": "nixos-23.05",
        "type": "indirect"
      }
    },
    "root": {
      "inputs": {
        "home-manager": "home-manager",
        "nixos-hardware": "nixos-hardware",
        "nixpkgs": "nixpkgs"
      }
    }
  },
  "root": "root",
  "version": 7
}
